
Microsoft Visual Studio Solution File, Format Version 12.00
# Visual Studio Version 17
VisualStudioVersion = 17.11.35312.102
MinimumVisualStudioVersion = 10.0.40219.1
Project("{2150E333-8FDC-42A3-9474-1A3956D46DE8}") = "Task0", "Task0", "{CD52DE63-6454-4416-A7A3-E09520E131B3}"
EndProject
Project("{FAE04EC0-301F-11D3-BF4B-00C04F79EFBC}") = "Tyuiu.SchcapovMA.Sprint0.Task0.V0", "Tyuiu.SchcapovMA.Sprint0.Task0.V0\Tyuiu.SchcapovMA.Sprint0.Task0.V0.csproj", "{1A715B03-49FC-49D3-AC6A-3A4116A11005}"
EndProject
Project("{2150E333-8FDC-42A3-9474-1A3956D46DE8}") = "Task1", "Task1", "{6D67AB31-ADB7-425F-8B3A-562CEB86C802}"
EndProject
Project("{FAE04EC0-301F-11D3-BF4B-00C04F79EFBC}") = "Tyuiu.SchcapovMA.Sprint0.Task1.V0", "Tyuiu.SchcapovMA.Sprint0.Task1.V0\Tyuiu.SchcapovMA.Sprint0.Task1.V0.csproj", "{6033FE25-1DC9-4575-8AA2-6C5C3EB28D47}"
EndProject
Project("{2150E333-8FDC-42A3-9474-1A3956D46DE8}") = "Task2", "Task2", "{37ECAAAA-8206-4BF4-B929-C85A0E8CBAD3}"
EndProject
Project("{FAE04EC0-301F-11D3-BF4B-00C04F79EFBC}") = "Tyuiu.SchcapovMA.Sprint0.Task2.V0", "Tyuiu.SchcapovMA.Sprint0.Task2.V0\Tyuiu.SchcapovMA.Sprint0.Task2.V0.csproj", "{5374A470-7254-4389-B11E-2B1E2CA71C9F}"
EndProject
Project("{FAE04EC0-301F-11D3-BF4B-00C04F79EFBC}") = "Tyuiu.SchcapovMA.Sprint0.Task2.V0.Lib", "Tyuiu.SchcapovMA.Sprint0.Task2.V0.Lib\Tyuiu.SchcapovMA.Sprint0.Task2.V0.Lib.csproj", "{8A8AF970-72F3-4F95-BCBC-1100530180DF}"
EndProject
Project("{FAE04EC0-301F-11D3-BF4B-00C04F79EFBC}") = "Tyuiu.SchcapovMA.Sprint0.Task2.V0.Test", "Tyuiu.SchcapovMA.Sprint0.Task2.V0.Test\Tyuiu.SchcapovMA.Sprint0.Task2.V0.Test.csproj", "{094DE309-7D82-46A7-8E0B-D018BDFEA6CE}"
EndProject
Project("{2150E333-8FDC-42A3-9474-1A3956D46DE8}") = "Task3", "Task3", "{C16F1BD1-C0B7-4CB0-912C-B32A75854E16}"
EndProject
Project("{FAE04EC0-301F-11D3-BF4B-00C04F79EFBC}") = "Tyuiu.SchcapovMA.Sprint0.Task3.V0", "Tyuiu.SchcapovMA.Sprint0.Task3.V0\Tyuiu.SchcapovMA.Sprint0.Task3.V0.csproj", "{39509FF2-0E5A-410A-8A37-E745D198AF0F}"
EndProject
Project("{FAE04EC0-301F-11D3-BF4B-00C04F79EFBC}") = "Tyuiu.SchcapovMA.Sprint0.Task3.V0.Lib", "Tyuiu.SchcapovMA.Sprint0.Task3.V0.Lib\Tyuiu.SchcapovMA.Sprint0.Task3.V0.Lib.csproj", "{7F22C664-6C19-476D-88EF-F8C17DE0EE9A}"
EndProject
Project("{FAE04EC0-301F-11D3-BF4B-00C04F79EFBC}") = "Tyuiu.SchcapovMA.Sprint0.Task3.V0.Test", "Tyuiu.SchcapovMA.Sprint0.Task3.V0.Test\Tyuiu.SchcapovMA.Sprint0.Task3.V0.Test.csproj", "{2A10FDC1-2496-43BB-8012-29040A479F1F}"
EndProject
Project("{2150E333-8FDC-42A3-9474-1A3956D46DE8}") = "Task4", "Task4", "{E50FB9E0-0732-4C2F-892D-ADDFBAE59258}"
EndProject
Project("{FAE04EC0-301F-11D3-BF4B-00C04F79EFBC}") = "Tyuiu.SchcapovMA.Sprint0.Task4.V0", "Tyuiu.SchcapovMA.Sprint0.Task4.V0\Tyuiu.SchcapovMA.Sprint0.Task4.V0.csproj", "{347C40B0-CE72-4340-8450-2E18375F4E5A}"
EndProject
Project("{FAE04EC0-301F-11D3-BF4B-00C04F79EFBC}") = "Tyuiu.SchcapovMA.Sprint0.Task4.V0.Lib", "Tyuiu.SchcapovMA.Sprint0.Task4.V0.Lib\Tyuiu.SchcapovMA.Sprint0.Task4.V0.Lib.csproj", "{D30381DE-2441-492D-A501-784B87B6F11D}"
EndProject
Project("{FAE04EC0-301F-11D3-BF4B-00C04F79EFBC}") = "Tyuiu.SchcapovMA.Sprint0.Task4.V0.Test", "Tyuiu.SchcapovMA.Sprint0.Task4.V0.Test\Tyuiu.SchcapovMA.Sprint0.Task4.V0.Test.csproj", "{D5D86735-DE91-4F58-915A-1F9ACCBDFA87}"
EndProject
Project("{2150E333-8FDC-42A3-9474-1A3956D46DE8}") = "Task5", "Task5", "{3AA5AB62-48DC-4C78-8DDE-9B222641A194}"
EndProject
Project("{FAE04EC0-301F-11D3-BF4B-00C04F79EFBC}") = "Tyuiu.SchcapovMA.Sprint0.Task5.V0", "Tyuiu.SchcapovMA.Sprint0.Task5.V0\Tyuiu.SchcapovMA.Sprint0.Task5.V0.csproj", "{06D21776-54F2-43EF-8728-4934BA73D03F}"
EndProject
Project("{FAE04EC0-301F-11D3-BF4B-00C04F79EFBC}") = "Tyuiu.SchcapovMA.Sprint0.Task5.V0.Lib", "Tyuiu.SchcapovMA.Sprint0.Task5.V0.Lib\Tyuiu.SchcapovMA.Sprint0.Task5.V0.Lib.csproj", "{2B5F81AC-9959-46EB-85D9-CA6A246480B0}"
EndProject
Project("{FAE04EC0-301F-11D3-BF4B-00C04F79EFBC}") = "Tyuiu.SchcapovMA.Sprint0.Task5.V0.Test", "Tyuiu.SchcapovMA.Sprint0.Task5.V0.Test\Tyuiu.SchcapovMA.Sprint0.Task5.V0.Test.csproj", "{737BE678-1C91-4B78-958B-6DBD05296A20}"
EndProject
Global
	GlobalSection(SolutionConfigurationPlatforms) = preSolution
		Debug|Any CPU = Debug|Any CPU
		Release|Any CPU = Release|Any CPU
	EndGlobalSection
	GlobalSection(ProjectConfigurationPlatforms) = postSolution
		{1A715B03-49FC-49D3-AC6A-3A4116A11005}.Debug|Any CPU.ActiveCfg = Debug|Any CPU
		{1A715B03-49FC-49D3-AC6A-3A4116A11005}.Debug|Any CPU.Build.0 = Debug|Any CPU
		{1A715B03-49FC-49D3-AC6A-3A4116A11005}.Release|Any CPU.ActiveCfg = Release|Any CPU
		{1A715B03-49FC-49D3-AC6A-3A4116A11005}.Release|Any CPU.Build.0 = Release|Any CPU
		{6033FE25-1DC9-4575-8AA2-6C5C3EB28D47}.Debug|Any CPU.ActiveCfg = Debug|Any CPU
		{6033FE25-1DC9-4575-8AA2-6C5C3EB28D47}.Debug|Any CPU.Build.0 = Debug|Any CPU
		{6033FE25-1DC9-4575-8AA2-6C5C3EB28D47}.Release|Any CPU.ActiveCfg = Release|Any CPU
		{6033FE25-1DC9-4575-8AA2-6C5C3EB28D47}.Release|Any CPU.Build.0 = Release|Any CPU
		{5374A470-7254-4389-B11E-2B1E2CA71C9F}.Debug|Any CPU.ActiveCfg = Debug|Any CPU
		{5374A470-7254-4389-B11E-2B1E2CA71C9F}.Debug|Any CPU.Build.0 = Debug|Any CPU
		{5374A470-7254-4389-B11E-2B1E2CA71C9F}.Release|Any CPU.ActiveCfg = Release|Any CPU
		{5374A470-7254-4389-B11E-2B1E2CA71C9F}.Release|Any CPU.Build.0 = Release|Any CPU
		{8A8AF970-72F3-4F95-BCBC-1100530180DF}.Debug|Any CPU.ActiveCfg = Debug|Any CPU
		{8A8AF970-72F3-4F95-BCBC-1100530180DF}.Debug|Any CPU.Build.0 = Debug|Any CPU
		{8A8AF970-72F3-4F95-BCBC-1100530180DF}.Release|Any CPU.ActiveCfg = Release|Any CPU
		{8A8AF970-72F3-4F95-BCBC-1100530180DF}.Release|Any CPU.Build.0 = Release|Any CPU
		{094DE309-7D82-46A7-8E0B-D018BDFEA6CE}.Debug|Any CPU.ActiveCfg = Debug|Any CPU
		{094DE309-7D82-46A7-8E0B-D018BDFEA6CE}.Debug|Any CPU.Build.0 = Debug|Any CPU
		{094DE309-7D82-46A7-8E0B-D018BDFEA6CE}.Release|Any CPU.ActiveCfg = Release|Any CPU
		{094DE309-7D82-46A7-8E0B-D018BDFEA6CE}.Release|Any CPU.Build.0 = Release|Any CPU
		{39509FF2-0E5A-410A-8A37-E745D198AF0F}.Debug|Any CPU.ActiveCfg = Debug|Any CPU
		{39509FF2-0E5A-410A-8A37-E745D198AF0F}.Debug|Any CPU.Build.0 = Debug|Any CPU
		{39509FF2-0E5A-410A-8A37-E745D198AF0F}.Release|Any CPU.ActiveCfg = Release|Any CPU
		{39509FF2-0E5A-410A-8A37-E745D198AF0F}.Release|Any CPU.Build.0 = Release|Any CPU
		{7F22C664-6C19-476D-88EF-F8C17DE0EE9A}.Debug|Any CPU.ActiveCfg = Debug|Any CPU
		{7F22C664-6C19-476D-88EF-F8C17DE0EE9A}.Debug|Any CPU.Build.0 = Debug|Any CPU
		{7F22C664-6C19-476D-88EF-F8C17DE0EE9A}.Release|Any CPU.ActiveCfg = Release|Any CPU
		{7F22C664-6C19-476D-88EF-F8C17DE0EE9A}.Release|Any CPU.Build.0 = Release|Any CPU
		{2A10FDC1-2496-43BB-8012-29040A479F1F}.Debug|Any CPU.ActiveCfg = Debug|Any CPU
		{2A10FDC1-2496-43BB-8012-29040A479F1F}.Debug|Any CPU.Build.0 = Debug|Any CPU
		{2A10FDC1-2496-43BB-8012-29040A479F1F}.Release|Any CPU.ActiveCfg = Release|Any CPU
		{2A10FDC1-2496-43BB-8012-29040A479F1F}.Release|Any CPU.Build.0 = Release|Any CPU
		{347C40B0-CE72-4340-8450-2E18375F4E5A}.Debug|Any CPU.ActiveCfg = Debug|Any CPU
		{347C40B0-CE72-4340-8450-2E18375F4E5A}.Debug|Any CPU.Build.0 = Debug|Any CPU
		{347C40B0-CE72-4340-8450-2E18375F4E5A}.Release|Any CPU.ActiveCfg = Release|Any CPU
		{347C40B0-CE72-4340-8450-2E18375F4E5A}.Release|Any CPU.Build.0 = Release|Any CPU
		{D30381DE-2441-492D-A501-784B87B6F11D}.Debug|Any CPU.ActiveCfg = Debug|Any CPU
		{D30381DE-2441-492D-A501-784B87B6F11D}.Debug|Any CPU.Build.0 = Debug|Any CPU
		{D30381DE-2441-492D-A501-784B87B6F11D}.Release|Any CPU.ActiveCfg = Release|Any CPU
		{D30381DE-2441-492D-A501-784B87B6F11D}.Release|Any CPU.Build.0 = Release|Any CPU
		{D5D86735-DE91-4F58-915A-1F9ACCBDFA87}.Debug|Any CPU.ActiveCfg = Debug|Any CPU
		{D5D86735-DE91-4F58-915A-1F9ACCBDFA87}.Debug|Any CPU.Build.0 = Debug|Any CPU
		{D5D86735-DE91-4F58-915A-1F9ACCBDFA87}.Release|Any CPU.ActiveCfg = Release|Any CPU
		{D5D86735-DE91-4F58-915A-1F9ACCBDFA87}.Release|Any CPU.Build.0 = Release|Any CPU
		{06D21776-54F2-43EF-8728-4934BA73D03F}.Debug|Any CPU.ActiveCfg = Debug|Any CPU
		{06D21776-54F2-43EF-8728-4934BA73D03F}.Debug|Any CPU.Build.0 = Debug|Any CPU
		{06D21776-54F2-43EF-8728-4934BA73D03F}.Release|Any CPU.ActiveCfg = Release|Any CPU
		{06D21776-54F2-43EF-8728-4934BA73D03F}.Release|Any CPU.Build.0 = Release|Any CPU
		{2B5F81AC-9959-46EB-85D9-CA6A246480B0}.Debug|Any CPU.ActiveCfg = Debug|Any CPU
		{2B5F81AC-9959-46EB-85D9-CA6A246480B0}.Debug|Any CPU.Build.0 = Debug|Any CPU
		{2B5F81AC-9959-46EB-85D9-CA6A246480B0}.Release|Any CPU.ActiveCfg = Release|Any CPU
		{2B5F81AC-9959-46EB-85D9-CA6A246480B0}.Release|Any CPU.Build.0 = Release|Any CPU
		{737BE678-1C91-4B78-958B-6DBD05296A20}.Debug|Any CPU.ActiveCfg = Debug|Any CPU
		{737BE678-1C91-4B78-958B-6DBD05296A20}.Debug|Any CPU.Build.0 = Debug|Any CPU
		{737BE678-1C91-4B78-958B-6DBD05296A20}.Release|Any CPU.ActiveCfg = Release|Any CPU
		{737BE678-1C91-4B78-958B-6DBD05296A20}.Release|Any CPU.Build.0 = Release|Any CPU
	EndGlobalSection
	GlobalSection(SolutionProperties) = preSolution
		HideSolutionNode = FALSE
	EndGlobalSection
	GlobalSection(NestedProjects) = preSolution
		{1A715B03-49FC-49D3-AC6A-3A4116A11005} = {CD52DE63-6454-4416-A7A3-E09520E131B3}
		{6033FE25-1DC9-4575-8AA2-6C5C3EB28D47} = {6D67AB31-ADB7-425F-8B3A-562CEB86C802}
		{5374A470-7254-4389-B11E-2B1E2CA71C9F} = {37ECAAAA-8206-4BF4-B929-C85A0E8CBAD3}
		{8A8AF970-72F3-4F95-BCBC-1100530180DF} = {37ECAAAA-8206-4BF4-B929-C85A0E8CBAD3}
		{094DE309-7D82-46A7-8E0B-D018BDFEA6CE} = {37ECAAAA-8206-4BF4-B929-C85A0E8CBAD3}
		{39509FF2-0E5A-410A-8A37-E745D198AF0F} = {C16F1BD1-C0B7-4CB0-912C-B32A75854E16}
		{7F22C664-6C19-476D-88EF-F8C17DE0EE9A} = {C16F1BD1-C0B7-4CB0-912C-B32A75854E16}
		{2A10FDC1-2496-43BB-8012-29040A479F1F} = {C16F1BD1-C0B7-4CB0-912C-B32A75854E16}
		{347C40B0-CE72-4340-8450-2E18375F4E5A} = {E50FB9E0-0732-4C2F-892D-ADDFBAE59258}
		{D30381DE-2441-492D-A501-784B87B6F11D} = {E50FB9E0-0732-4C2F-892D-ADDFBAE59258}
		{D5D86735-DE91-4F58-915A-1F9ACCBDFA87} = {E50FB9E0-0732-4C2F-892D-ADDFBAE59258}
		{06D21776-54F2-43EF-8728-4934BA73D03F} = {3AA5AB62-48DC-4C78-8DDE-9B222641A194}
		{2B5F81AC-9959-46EB-85D9-CA6A246480B0} = {3AA5AB62-48DC-4C78-8DDE-9B222641A194}
		{737BE678-1C91-4B78-958B-6DBD05296A20} = {3AA5AB62-48DC-4C78-8DDE-9B222641A194}
	EndGlobalSection
	GlobalSection(ExtensibilityGlobals) = postSolution
		SolutionGuid = {8BE0ACB4-09D1-4CD0-8A8E-5A4A4B8E087C}
	EndGlobalSection
EndGlobal
